
Microsoft Visual Studio Solution File, Format Version 12.00
# Visual Studio Version 17
VisualStudioVersion = 17.0.31919.166
MinimumVisualStudioVersion = 10.0.40219.1
Project("{FAE04EC0-301F-11D3-BF4B-00C04F79EFBC}") = "Lab4_1", "Lab4\Lab4_1.csproj", "{129703B2-1E52-482B-BB63-A14DCCD92BC0}"
EndProject
Project("{FAE04EC0-301F-11D3-BF4B-00C04F79EFBC}") = "Lab4_2", "Lab4_2\Lab4_2.csproj", "{A5ADD37A-04F2-4270-9443-99ACFA6F7168}"
EndProject
Project("{FAE04EC0-301F-11D3-BF4B-00C04F79EFBC}") = "Lab4_3", "Lab4_3\Lab4_3.csproj", "{A27EA121-C460-4E15-8AFA-523A32EA17E3}"
EndProject
Project("{FAE04EC0-301F-11D3-BF4B-00C04F79EFBC}") = "Lab4_4", "Lab4_4\Lab4_4.csproj", "{C3E276F9-88DB-46B8-8C75-0307D454FF6C}"
EndProject
Global
	GlobalSection(SolutionConfigurationPlatforms) = preSolution
		Debug|Any CPU = Debug|Any CPU
		Release|Any CPU = Release|Any CPU
	EndGlobalSection
	GlobalSection(ProjectConfigurationPlatforms) = postSolution
		{129703B2-1E52-482B-BB63-A14DCCD92BC0}.Debug|Any CPU.ActiveCfg = Debug|Any CPU
		{129703B2-1E52-482B-BB63-A14DCCD92BC0}.Debug|Any CPU.Build.0 = Debug|Any CPU
		{129703B2-1E52-482B-BB63-A14DCCD92BC0}.Release|Any CPU.ActiveCfg = Release|Any CPU
		{129703B2-1E52-482B-BB63-A14DCCD92BC0}.Release|Any CPU.Build.0 = Release|Any CPU
		{A5ADD37A-04F2-4270-9443-99ACFA6F7168}.Debug|Any CPU.ActiveCfg = Debug|Any CPU
		{A5ADD37A-04F2-4270-9443-99ACFA6F7168}.Debug|Any CPU.Build.0 = Debug|Any CPU
		{A5ADD37A-04F2-4270-9443-99ACFA6F7168}.Release|Any CPU.ActiveCfg = Release|Any CPU
		{A5ADD37A-04F2-4270-9443-99ACFA6F7168}.Release|Any CPU.Build.0 = Release|Any CPU
		{A27EA121-C460-4E15-8AFA-523A32EA17E3}.Debug|Any CPU.ActiveCfg = Debug|Any CPU
		{A27EA121-C460-4E15-8AFA-523A32EA17E3}.Debug|Any CPU.Build.0 = Debug|Any CPU
		{A27EA121-C460-4E15-8AFA-523A32EA17E3}.Release|Any CPU.ActiveCfg = Release|Any CPU
		{A27EA121-C460-4E15-8AFA-523A32EA17E3}.Release|Any CPU.Build.0 = Release|Any CPU
		{C3E276F9-88DB-46B8-8C75-0307D454FF6C}.Debug|Any CPU.ActiveCfg = Debug|Any CPU
		{C3E276F9-88DB-46B8-8C75-0307D454FF6C}.Debug|Any CPU.Build.0 = Debug|Any CPU
		{C3E276F9-88DB-46B8-8C75-0307D454FF6C}.Release|Any CPU.ActiveCfg = Release|Any CPU
		{C3E276F9-88DB-46B8-8C75-0307D454FF6C}.Release|Any CPU.Build.0 = Release|Any CPU
	EndGlobalSection
	GlobalSection(SolutionProperties) = preSolution
		HideSolutionNode = FALSE
	EndGlobalSection
	GlobalSection(ExtensibilityGlobals) = postSolution
		SolutionGuid = {1C656D3A-C257-47B6-9D71-9ECFBD9B145F}
	EndGlobalSection
EndGlobal
